
Microsoft Visual Studio Solution File, Format Version 12.00
# Visual Studio 2013
VisualStudioVersion = 12.0.31101.0
MinimumVisualStudioVersion = 10.0.40219.1
Project("{FAE04EC0-301F-11D3-BF4B-00C04F79EFBC}") = "XmlPatcher", "XmlPatcher\XmlPatcher.csproj", "{A41BCA28-449B-4DCD-BAD2-63B402E165B6}"
EndProject
Project("{FAE04EC0-301F-11D3-BF4B-00C04F79EFBC}") = "XmlPatcher.Tests", "XmlPatcher.Tests\XmlPatcher.Tests.csproj", "{6D4ED4DA-B1BB-4049-A8D6-0A5E21885AB7}"
EndProject
Global
	GlobalSection(SolutionConfigurationPlatforms) = preSolution
		Debug|Any CPU = Debug|Any CPU
		Release|Any CPU = Release|Any CPU
	EndGlobalSection
	GlobalSection(ProjectConfigurationPlatforms) = postSolution
		{A41BCA28-449B-4DCD-BAD2-63B402E165B6}.Debug|Any CPU.ActiveCfg = Debug|Any CPU
		{A41BCA28-449B-4DCD-BAD2-63B402E165B6}.Debug|Any CPU.Build.0 = Debug|Any CPU
		{A41BCA28-449B-4DCD-BAD2-63B402E165B6}.Release|Any CPU.ActiveCfg = Release|Any CPU
		{A41BCA28-449B-4DCD-BAD2-63B402E165B6}.Release|Any CPU.Build.0 = Release|Any CPU
		{6D4ED4DA-B1BB-4049-A8D6-0A5E21885AB7}.Debug|Any CPU.ActiveCfg = Debug|Any CPU
		{6D4ED4DA-B1BB-4049-A8D6-0A5E21885AB7}.Debug|Any CPU.Build.0 = Debug|Any CPU
		{6D4ED4DA-B1BB-4049-A8D6-0A5E21885AB7}.Release|Any CPU.ActiveCfg = Release|Any CPU
		{6D4ED4DA-B1BB-4049-A8D6-0A5E21885AB7}.Release|Any CPU.Build.0 = Release|Any CPU
	EndGlobalSection
	GlobalSection(SolutionProperties) = preSolution
		HideSolutionNode = FALSE
	EndGlobalSection
EndGlobal
